
Microsoft Visual Studio Solution File, Format Version 12.00
# Visual Studio Version 17
VisualStudioVersion = 17.0.31903.59
MinimumVisualStudioVersion = 10.0.40219.1
Project("{2150E333-8FDC-42A3-9474-1A3956D46DE8}") = "src", "src", "{827E0CD3-B72D-47B6-A68D-7590B98EB39B}"
EndProject
Project("{FAE04EC0-301F-11D3-BF4B-00C04F79EFBC}") = "CnabParser.AppHost", "src\CnabParser.AppHost\CnabParser.AppHost.csproj", "{6265555F-6580-40F5-9637-5ACB9DCA19EB}"
EndProject
Project("{FAE04EC0-301F-11D3-BF4B-00C04F79EFBC}") = "CnabParser.ServiceDefaults", "src\CnabParser.ServiceDefaults\CnabParser.ServiceDefaults.csproj", "{53E31F09-8ABC-4B54-8E0E-69BBFD7CBB24}"
EndProject
Project("{FAE04EC0-301F-11D3-BF4B-00C04F79EFBC}") = "CnabParser.Core", "src\CnabParser.Core\CnabParser.Core.csproj", "{8B9BF3D4-FFED-44CD-B515-7CA10B436C40}"
EndProject
Project("{FAE04EC0-301F-11D3-BF4B-00C04F79EFBC}") = "CnabParser.Application", "src\CnabParser.Application\CnabParser.Application.csproj", "{7BD8B123-EF27-48C9-8B2F-955362B2B60F}"
EndProject
Project("{FAE04EC0-301F-11D3-BF4B-00C04F79EFBC}") = "CnabParser.Infrastructure", "src\CnabParser.Infrastructure\CnabParser.Infrastructure.csproj", "{9D33FC06-36A5-415E-8CDD-1E1916F0119E}"
EndProject
Project("{FAE04EC0-301F-11D3-BF4B-00C04F79EFBC}") = "CnabParser.Api", "src\CnabParser.Api\CnabParser.Api.csproj", "{B7F7D3EF-87B4-4749-9631-0044AE2CACB1}"
EndProject
Project("{2150E333-8FDC-42A3-9474-1A3956D46DE8}") = "tests", "tests", "{0AB3BF05-4346-4AA6-1389-037BE0695223}"
EndProject
Project("{FAE04EC0-301F-11D3-BF4B-00C04F79EFBC}") = "CnabParser.Application.Tests", "tests\CnabParser.Application.Tests\CnabParser.Application.Tests.csproj", "{7E99FC3D-3493-4B36-AD9F-FB5AB8341C6F}"
EndProject
Project("{FAE04EC0-301F-11D3-BF4B-00C04F79EFBC}") = "CnabParser.Core.Tests", "tests\CnabParser.Core.Tests\CnabParser.Core.Tests.csproj", "{512AA9D6-A35C-4645-8C27-F966B78AB93D}"
EndProject
Project("{2150E333-8FDC-42A3-9474-1A3956D46DE8}") = "Solution Items", "Solution Items", "{8EC462FD-D22E-90A8-E5CE-7E832BA40C5D}"
	ProjectSection(SolutionItems) = preProject
		CNAB.txt = CNAB.txt
		Directory.Build.props = Directory.Build.props
		README.md = README.md
	EndProjectSection
EndProject
Project("{FAE04EC0-301F-11D3-BF4B-00C04F79EFBC}") = "CnabParser.Infrastructure.Tests", "tests\CnabParser.Infrastructure.Tests\CnabParser.Infrastructure.Tests.csproj", "{1A863256-ED74-3CA6-5D1C-AF7E359D3119}"
EndProject
Project("{FAE04EC0-301F-11D3-BF4B-00C04F79EFBC}") = "CnabParser.Api.IntegrationTests", "tests\CnabParser.Api.IntegrationTests\CnabParser.Api.IntegrationTests.csproj", "{CC5C5538-6B04-53A8-18CF-0779251EC9C8}"
EndProject
Project("{FAE04EC0-301F-11D3-BF4B-00C04F79EFBC}") = "CnabParser.Web", "src\CnabParser.Web\CnabParser.Web.csproj", "{11B1A43F-4749-4F16-8C2A-334FBB5FBBAE}"
EndProject
Global
	GlobalSection(SolutionConfigurationPlatforms) = preSolution
		Debug|Any CPU = Debug|Any CPU
		Debug|x64 = Debug|x64
		Debug|x86 = Debug|x86
		Release|Any CPU = Release|Any CPU
		Release|x64 = Release|x64
		Release|x86 = Release|x86
	EndGlobalSection
	GlobalSection(ProjectConfigurationPlatforms) = postSolution
		{6265555F-6580-40F5-9637-5ACB9DCA19EB}.Debug|Any CPU.ActiveCfg = Debug|Any CPU
		{6265555F-6580-40F5-9637-5ACB9DCA19EB}.Debug|Any CPU.Build.0 = Debug|Any CPU
		{6265555F-6580-40F5-9637-5ACB9DCA19EB}.Debug|x64.ActiveCfg = Debug|Any CPU
		{6265555F-6580-40F5-9637-5ACB9DCA19EB}.Debug|x64.Build.0 = Debug|Any CPU
		{6265555F-6580-40F5-9637-5ACB9DCA19EB}.Debug|x86.ActiveCfg = Debug|Any CPU
		{6265555F-6580-40F5-9637-5ACB9DCA19EB}.Debug|x86.Build.0 = Debug|Any CPU
		{6265555F-6580-40F5-9637-5ACB9DCA19EB}.Release|Any CPU.ActiveCfg = Release|Any CPU
		{6265555F-6580-40F5-9637-5ACB9DCA19EB}.Release|Any CPU.Build.0 = Release|Any CPU
		{6265555F-6580-40F5-9637-5ACB9DCA19EB}.Release|x64.ActiveCfg = Release|Any CPU
		{6265555F-6580-40F5-9637-5ACB9DCA19EB}.Release|x64.Build.0 = Release|Any CPU
		{6265555F-6580-40F5-9637-5ACB9DCA19EB}.Release|x86.ActiveCfg = Release|Any CPU
		{6265555F-6580-40F5-9637-5ACB9DCA19EB}.Release|x86.Build.0 = Release|Any CPU
		{53E31F09-8ABC-4B54-8E0E-69BBFD7CBB24}.Debug|Any CPU.ActiveCfg = Debug|Any CPU
		{53E31F09-8ABC-4B54-8E0E-69BBFD7CBB24}.Debug|Any CPU.Build.0 = Debug|Any CPU
		{53E31F09-8ABC-4B54-8E0E-69BBFD7CBB24}.Debug|x64.ActiveCfg = Debug|Any CPU
		{53E31F09-8ABC-4B54-8E0E-69BBFD7CBB24}.Debug|x64.Build.0 = Debug|Any CPU
		{53E31F09-8ABC-4B54-8E0E-69BBFD7CBB24}.Debug|x86.ActiveCfg = Debug|Any CPU
		{53E31F09-8ABC-4B54-8E0E-69BBFD7CBB24}.Debug|x86.Build.0 = Debug|Any CPU
		{53E31F09-8ABC-4B54-8E0E-69BBFD7CBB24}.Release|Any CPU.ActiveCfg = Release|Any CPU
		{53E31F09-8ABC-4B54-8E0E-69BBFD7CBB24}.Release|Any CPU.Build.0 = Release|Any CPU
		{53E31F09-8ABC-4B54-8E0E-69BBFD7CBB24}.Release|x64.ActiveCfg = Release|Any CPU
		{53E31F09-8ABC-4B54-8E0E-69BBFD7CBB24}.Release|x64.Build.0 = Release|Any CPU
		{53E31F09-8ABC-4B54-8E0E-69BBFD7CBB24}.Release|x86.ActiveCfg = Release|Any CPU
		{53E31F09-8ABC-4B54-8E0E-69BBFD7CBB24}.Release|x86.Build.0 = Release|Any CPU
		{8B9BF3D4-FFED-44CD-B515-7CA10B436C40}.Debug|Any CPU.ActiveCfg = Debug|Any CPU
		{8B9BF3D4-FFED-44CD-B515-7CA10B436C40}.Debug|Any CPU.Build.0 = Debug|Any CPU
		{8B9BF3D4-FFED-44CD-B515-7CA10B436C40}.Debug|x64.ActiveCfg = Debug|Any CPU
		{8B9BF3D4-FFED-44CD-B515-7CA10B436C40}.Debug|x64.Build.0 = Debug|Any CPU
		{8B9BF3D4-FFED-44CD-B515-7CA10B436C40}.Debug|x86.ActiveCfg = Debug|Any CPU
		{8B9BF3D4-FFED-44CD-B515-7CA10B436C40}.Debug|x86.Build.0 = Debug|Any CPU
		{8B9BF3D4-FFED-44CD-B515-7CA10B436C40}.Release|Any CPU.ActiveCfg = Release|Any CPU
		{8B9BF3D4-FFED-44CD-B515-7CA10B436C40}.Release|Any CPU.Build.0 = Release|Any CPU
		{8B9BF3D4-FFED-44CD-B515-7CA10B436C40}.Release|x64.ActiveCfg = Release|Any CPU
		{8B9BF3D4-FFED-44CD-B515-7CA10B436C40}.Release|x64.Build.0 = Release|Any CPU
		{8B9BF3D4-FFED-44CD-B515-7CA10B436C40}.Release|x86.ActiveCfg = Release|Any CPU
		{8B9BF3D4-FFED-44CD-B515-7CA10B436C40}.Release|x86.Build.0 = Release|Any CPU
		{7BD8B123-EF27-48C9-8B2F-955362B2B60F}.Debug|Any CPU.ActiveCfg = Debug|Any CPU
		{7BD8B123-EF27-48C9-8B2F-955362B2B60F}.Debug|Any CPU.Build.0 = Debug|Any CPU
		{7BD8B123-EF27-48C9-8B2F-955362B2B60F}.Debug|x64.ActiveCfg = Debug|Any CPU
		{7BD8B123-EF27-48C9-8B2F-955362B2B60F}.Debug|x64.Build.0 = Debug|Any CPU
		{7BD8B123-EF27-48C9-8B2F-955362B2B60F}.Debug|x86.ActiveCfg = Debug|Any CPU
		{7BD8B123-EF27-48C9-8B2F-955362B2B60F}.Debug|x86.Build.0 = Debug|Any CPU
		{7BD8B123-EF27-48C9-8B2F-955362B2B60F}.Release|Any CPU.ActiveCfg = Release|Any CPU
		{7BD8B123-EF27-48C9-8B2F-955362B2B60F}.Release|Any CPU.Build.0 = Release|Any CPU
		{7BD8B123-EF27-48C9-8B2F-955362B2B60F}.Release|x64.ActiveCfg = Release|Any CPU
		{7BD8B123-EF27-48C9-8B2F-955362B2B60F}.Release|x64.Build.0 = Release|Any CPU
		{7BD8B123-EF27-48C9-8B2F-955362B2B60F}.Release|x86.ActiveCfg = Release|Any CPU
		{7BD8B123-EF27-48C9-8B2F-955362B2B60F}.Release|x86.Build.0 = Release|Any CPU
		{9D33FC06-36A5-415E-8CDD-1E1916F0119E}.Debug|Any CPU.ActiveCfg = Debug|Any CPU
		{9D33FC06-36A5-415E-8CDD-1E1916F0119E}.Debug|Any CPU.Build.0 = Debug|Any CPU
		{9D33FC06-36A5-415E-8CDD-1E1916F0119E}.Debug|x64.ActiveCfg = Debug|Any CPU
		{9D33FC06-36A5-415E-8CDD-1E1916F0119E}.Debug|x64.Build.0 = Debug|Any CPU
		{9D33FC06-36A5-415E-8CDD-1E1916F0119E}.Debug|x86.ActiveCfg = Debug|Any CPU
		{9D33FC06-36A5-415E-8CDD-1E1916F0119E}.Debug|x86.Build.0 = Debug|Any CPU
		{9D33FC06-36A5-415E-8CDD-1E1916F0119E}.Release|Any CPU.ActiveCfg = Release|Any CPU
		{9D33FC06-36A5-415E-8CDD-1E1916F0119E}.Release|Any CPU.Build.0 = Release|Any CPU
		{9D33FC06-36A5-415E-8CDD-1E1916F0119E}.Release|x64.ActiveCfg = Release|Any CPU
		{9D33FC06-36A5-415E-8CDD-1E1916F0119E}.Release|x64.Build.0 = Release|Any CPU
		{9D33FC06-36A5-415E-8CDD-1E1916F0119E}.Release|x86.ActiveCfg = Release|Any CPU
		{9D33FC06-36A5-415E-8CDD-1E1916F0119E}.Release|x86.Build.0 = Release|Any CPU
		{B7F7D3EF-87B4-4749-9631-0044AE2CACB1}.Debug|Any CPU.ActiveCfg = Debug|Any CPU
		{B7F7D3EF-87B4-4749-9631-0044AE2CACB1}.Debug|Any CPU.Build.0 = Debug|Any CPU
		{B7F7D3EF-87B4-4749-9631-0044AE2CACB1}.Debug|x64.ActiveCfg = Debug|Any CPU
		{B7F7D3EF-87B4-4749-9631-0044AE2CACB1}.Debug|x64.Build.0 = Debug|Any CPU
		{B7F7D3EF-87B4-4749-9631-0044AE2CACB1}.Debug|x86.ActiveCfg = Debug|Any CPU
		{B7F7D3EF-87B4-4749-9631-0044AE2CACB1}.Debug|x86.Build.0 = Debug|Any CPU
		{B7F7D3EF-87B4-4749-9631-0044AE2CACB1}.Release|Any CPU.ActiveCfg = Release|Any CPU
		{B7F7D3EF-87B4-4749-9631-0044AE2CACB1}.Release|Any CPU.Build.0 = Release|Any CPU
		{B7F7D3EF-87B4-4749-9631-0044AE2CACB1}.Release|x64.ActiveCfg = Release|Any CPU
		{B7F7D3EF-87B4-4749-9631-0044AE2CACB1}.Release|x64.Build.0 = Release|Any CPU
		{B7F7D3EF-87B4-4749-9631-0044AE2CACB1}.Release|x86.ActiveCfg = Release|Any CPU
		{B7F7D3EF-87B4-4749-9631-0044AE2CACB1}.Release|x86.Build.0 = Release|Any CPU
		{7E99FC3D-3493-4B36-AD9F-FB5AB8341C6F}.Debug|Any CPU.ActiveCfg = Debug|Any CPU
		{7E99FC3D-3493-4B36-AD9F-FB5AB8341C6F}.Debug|Any CPU.Build.0 = Debug|Any CPU
		{7E99FC3D-3493-4B36-AD9F-FB5AB8341C6F}.Debug|x64.ActiveCfg = Debug|Any CPU
		{7E99FC3D-3493-4B36-AD9F-FB5AB8341C6F}.Debug|x64.Build.0 = Debug|Any CPU
		{7E99FC3D-3493-4B36-AD9F-FB5AB8341C6F}.Debug|x86.ActiveCfg = Debug|Any CPU
		{7E99FC3D-3493-4B36-AD9F-FB5AB8341C6F}.Debug|x86.Build.0 = Debug|Any CPU
		{7E99FC3D-3493-4B36-AD9F-FB5AB8341C6F}.Release|Any CPU.ActiveCfg = Release|Any CPU
		{7E99FC3D-3493-4B36-AD9F-FB5AB8341C6F}.Release|Any CPU.Build.0 = Release|Any CPU
		{7E99FC3D-3493-4B36-AD9F-FB5AB8341C6F}.Release|x64.ActiveCfg = Release|Any CPU
		{7E99FC3D-3493-4B36-AD9F-FB5AB8341C6F}.Release|x64.Build.0 = Release|Any CPU
		{7E99FC3D-3493-4B36-AD9F-FB5AB8341C6F}.Release|x86.ActiveCfg = Release|Any CPU
		{7E99FC3D-3493-4B36-AD9F-FB5AB8341C6F}.Release|x86.Build.0 = Release|Any CPU
		{512AA9D6-A35C-4645-8C27-F966B78AB93D}.Debug|Any CPU.ActiveCfg = Debug|Any CPU
		{512AA9D6-A35C-4645-8C27-F966B78AB93D}.Debug|Any CPU.Build.0 = Debug|Any CPU
		{512AA9D6-A35C-4645-8C27-F966B78AB93D}.Debug|x64.ActiveCfg = Debug|Any CPU
		{512AA9D6-A35C-4645-8C27-F966B78AB93D}.Debug|x64.Build.0 = Debug|Any CPU
		{512AA9D6-A35C-4645-8C27-F966B78AB93D}.Debug|x86.ActiveCfg = Debug|Any CPU
		{512AA9D6-A35C-4645-8C27-F966B78AB93D}.Debug|x86.Build.0 = Debug|Any CPU
		{512AA9D6-A35C-4645-8C27-F966B78AB93D}.Release|Any CPU.ActiveCfg = Release|Any CPU
		{512AA9D6-A35C-4645-8C27-F966B78AB93D}.Release|Any CPU.Build.0 = Release|Any CPU
		{512AA9D6-A35C-4645-8C27-F966B78AB93D}.Release|x64.ActiveCfg = Release|Any CPU
		{512AA9D6-A35C-4645-8C27-F966B78AB93D}.Release|x64.Build.0 = Release|Any CPU
		{512AA9D6-A35C-4645-8C27-F966B78AB93D}.Release|x86.ActiveCfg = Release|Any CPU
		{512AA9D6-A35C-4645-8C27-F966B78AB93D}.Release|x86.Build.0 = Release|Any CPU
		{1A863256-ED74-3CA6-5D1C-AF7E359D3119}.Debug|Any CPU.ActiveCfg = Debug|Any CPU
		{1A863256-ED74-3CA6-5D1C-AF7E359D3119}.Debug|Any CPU.Build.0 = Debug|Any CPU
		{1A863256-ED74-3CA6-5D1C-AF7E359D3119}.Debug|x64.ActiveCfg = Debug|Any CPU
		{1A863256-ED74-3CA6-5D1C-AF7E359D3119}.Debug|x64.Build.0 = Debug|Any CPU
		{1A863256-ED74-3CA6-5D1C-AF7E359D3119}.Debug|x86.ActiveCfg = Debug|Any CPU
		{1A863256-ED74-3CA6-5D1C-AF7E359D3119}.Debug|x86.Build.0 = Debug|Any CPU
		{1A863256-ED74-3CA6-5D1C-AF7E359D3119}.Release|Any CPU.ActiveCfg = Release|Any CPU
		{1A863256-ED74-3CA6-5D1C-AF7E359D3119}.Release|Any CPU.Build.0 = Release|Any CPU
		{1A863256-ED74-3CA6-5D1C-AF7E359D3119}.Release|x64.ActiveCfg = Release|Any CPU
		{1A863256-ED74-3CA6-5D1C-AF7E359D3119}.Release|x64.Build.0 = Release|Any CPU
		{1A863256-ED74-3CA6-5D1C-AF7E359D3119}.Release|x86.ActiveCfg = Release|Any CPU
		{1A863256-ED74-3CA6-5D1C-AF7E359D3119}.Release|x86.Build.0 = Release|Any CPU
		{CC5C5538-6B04-53A8-18CF-0779251EC9C8}.Debug|Any CPU.ActiveCfg = Debug|Any CPU
		{CC5C5538-6B04-53A8-18CF-0779251EC9C8}.Debug|Any CPU.Build.0 = Debug|Any CPU
		{CC5C5538-6B04-53A8-18CF-0779251EC9C8}.Debug|x64.ActiveCfg = Debug|Any CPU
		{CC5C5538-6B04-53A8-18CF-0779251EC9C8}.Debug|x64.Build.0 = Debug|Any CPU
		{CC5C5538-6B04-53A8-18CF-0779251EC9C8}.Debug|x86.ActiveCfg = Debug|Any CPU
		{CC5C5538-6B04-53A8-18CF-0779251EC9C8}.Debug|x86.Build.0 = Debug|Any CPU
		{CC5C5538-6B04-53A8-18CF-0779251EC9C8}.Release|Any CPU.ActiveCfg = Release|Any CPU
		{CC5C5538-6B04-53A8-18CF-0779251EC9C8}.Release|Any CPU.Build.0 = Release|Any CPU
		{CC5C5538-6B04-53A8-18CF-0779251EC9C8}.Release|x64.ActiveCfg = Release|Any CPU
		{CC5C5538-6B04-53A8-18CF-0779251EC9C8}.Release|x64.Build.0 = Release|Any CPU
		{CC5C5538-6B04-53A8-18CF-0779251EC9C8}.Release|x86.ActiveCfg = Release|Any CPU
		{CC5C5538-6B04-53A8-18CF-0779251EC9C8}.Release|x86.Build.0 = Release|Any CPU
		{11B1A43F-4749-4F16-8C2A-334FBB5FBBAE}.Debug|Any CPU.ActiveCfg = Debug|Any CPU
		{11B1A43F-4749-4F16-8C2A-334FBB5FBBAE}.Debug|Any CPU.Build.0 = Debug|Any CPU
		{11B1A43F-4749-4F16-8C2A-334FBB5FBBAE}.Debug|x64.ActiveCfg = Debug|Any CPU
		{11B1A43F-4749-4F16-8C2A-334FBB5FBBAE}.Debug|x64.Build.0 = Debug|Any CPU
		{11B1A43F-4749-4F16-8C2A-334FBB5FBBAE}.Debug|x86.ActiveCfg = Debug|Any CPU
		{11B1A43F-4749-4F16-8C2A-334FBB5FBBAE}.Debug|x86.Build.0 = Debug|Any CPU
		{11B1A43F-4749-4F16-8C2A-334FBB5FBBAE}.Release|Any CPU.ActiveCfg = Release|Any CPU
		{11B1A43F-4749-4F16-8C2A-334FBB5FBBAE}.Release|Any CPU.Build.0 = Release|Any CPU
		{11B1A43F-4749-4F16-8C2A-334FBB5FBBAE}.Release|x64.ActiveCfg = Release|Any CPU
		{11B1A43F-4749-4F16-8C2A-334FBB5FBBAE}.Release|x64.Build.0 = Release|Any CPU
		{11B1A43F-4749-4F16-8C2A-334FBB5FBBAE}.Release|x86.ActiveCfg = Release|Any CPU
		{11B1A43F-4749-4F16-8C2A-334FBB5FBBAE}.Release|x86.Build.0 = Release|Any CPU
	EndGlobalSection
	GlobalSection(SolutionProperties) = preSolution
		HideSolutionNode = FALSE
	EndGlobalSection
	GlobalSection(NestedProjects) = preSolution
		{6265555F-6580-40F5-9637-5ACB9DCA19EB} = {827E0CD3-B72D-47B6-A68D-7590B98EB39B}
		{53E31F09-8ABC-4B54-8E0E-69BBFD7CBB24} = {827E0CD3-B72D-47B6-A68D-7590B98EB39B}
		{8B9BF3D4-FFED-44CD-B515-7CA10B436C40} = {827E0CD3-B72D-47B6-A68D-7590B98EB39B}
		{7BD8B123-EF27-48C9-8B2F-955362B2B60F} = {827E0CD3-B72D-47B6-A68D-7590B98EB39B}
		{9D33FC06-36A5-415E-8CDD-1E1916F0119E} = {827E0CD3-B72D-47B6-A68D-7590B98EB39B}
		{B7F7D3EF-87B4-4749-9631-0044AE2CACB1} = {827E0CD3-B72D-47B6-A68D-7590B98EB39B}
		{7E99FC3D-3493-4B36-AD9F-FB5AB8341C6F} = {0AB3BF05-4346-4AA6-1389-037BE0695223}
		{512AA9D6-A35C-4645-8C27-F966B78AB93D} = {0AB3BF05-4346-4AA6-1389-037BE0695223}
		{1A863256-ED74-3CA6-5D1C-AF7E359D3119} = {0AB3BF05-4346-4AA6-1389-037BE0695223}
		{CC5C5538-6B04-53A8-18CF-0779251EC9C8} = {0AB3BF05-4346-4AA6-1389-037BE0695223}
		{11B1A43F-4749-4F16-8C2A-334FBB5FBBAE} = {827E0CD3-B72D-47B6-A68D-7590B98EB39B}
	EndGlobalSection
	GlobalSection(ExtensibilityGlobals) = postSolution
		SolutionGuid = {AD868B47-D366-4A9D-A9CC-3A5EBE05D337}
	EndGlobalSection
EndGlobal
